
Microsoft Visual Studio Solution File, Format Version 12.00
# Visual Studio Version 17
VisualStudioVersion = 17.8.34601.278
MinimumVisualStudioVersion = 10.0.40219.1
Project("{2150E333-8FDC-42A3-9474-1A3956D46DE8}") = "Application", "Application", "{D2E20E4B-01BD-4D43-91AB-69ACA208BB7B}"
EndProject
Project("{9A19103F-16F7-4668-BE54-9A1E7A4F7556}") = "AuthServer.Host", "AuthServer\IdentityServer\AuthServer.Host\AuthServer.Host.csproj", "{7B87E00B-D9D7-4FDF-89D0-6B41FA501AF1}"
EndProject
Project("{9A19103F-16F7-4668-BE54-9A1E7A4F7556}") = "BaseService.Host", "BaseService\BaseService.Host\BaseService.Host.csproj", "{2741D219-7E27-4CD1-AC3F-17CB3FCB09F0}"
EndProject
Project("{2150E333-8FDC-42A3-9474-1A3956D46DE8}") = "Modules", "Modules", "{E6368306-54A1-434F-8838-43D9D6E46EDE}"
EndProject
Project("{2150E333-8FDC-42A3-9474-1A3956D46DE8}") = "BaseService", "BaseService", "{19A25DD5-131F-475F-9DCE-C96F888F9DFC}"
EndProject
Project("{9A19103F-16F7-4668-BE54-9A1E7A4F7556}") = "BaseService.Domain", "BaseService\BaseService.Domain\BaseService.Domain.csproj", "{B3532748-C262-4C23-8FBB-EEF03F5CBD1D}"
EndProject
Project("{9A19103F-16F7-4668-BE54-9A1E7A4F7556}") = "BaseService.Application", "BaseService\BaseService.Application\BaseService.Application.csproj", "{4EC1E5A6-002C-469F-8EB3-7586B86C2EA3}"
EndProject
Project("{9A19103F-16F7-4668-BE54-9A1E7A4F7556}") = "BaseService.Application.Contracts", "BaseService\BaseService.Application.Contracts\BaseService.Application.Contracts.csproj", "{E14AB62C-5486-4F6E-9A04-9738A8D3517D}"
EndProject
Project("{9A19103F-16F7-4668-BE54-9A1E7A4F7556}") = "BaseService.EntityFrameworkCore", "BaseService\BaseService.EntityFrameworkCore\BaseService.EntityFrameworkCore.csproj", "{F19DAFD2-715C-4FB7-9C9B-FEA7185D6316}"
EndProject
Project("{9A19103F-16F7-4668-BE54-9A1E7A4F7556}") = "BaseService.HttpApi", "BaseService\BaseService.HttpApi\BaseService.HttpApi.csproj", "{70EE208F-0DE0-47FD-9F6E-9BB24E4B5624}"
EndProject
Project("{9A19103F-16F7-4668-BE54-9A1E7A4F7556}") = "BaseService.HttpApi.Client", "BaseService\BaseService.HttpApi.Client\BaseService.HttpApi.Client.csproj", "{24C6CBDA-5F3B-421B-9003-6C751FA76846}"
EndProject
Project("{2150E333-8FDC-42A3-9474-1A3956D46DE8}") = "Hosts", "Hosts", "{915427C3-75A6-4968-8D81-A9B365476B61}"
EndProject
Project("{2150E333-8FDC-42A3-9474-1A3956D46DE8}") = "FilesStorage", "FilesStorage", "{5859F271-0331-461C-9A54-B2AF9BAEDBD1}"
EndProject
Project("{9A19103F-16F7-4668-BE54-9A1E7A4F7556}") = "FileStorage.Application", "MicroServices\FilesStorage\FileStorage.Application\FileStorage.Application.csproj", "{70B63A83-EDBF-4EFE-8580-A2C14D548979}"
EndProject
Project("{9A19103F-16F7-4668-BE54-9A1E7A4F7556}") = "FileStorage.Application.Contracts", "MicroServices\FilesStorage\FileStorage.Application.Contracts\FileStorage.Application.Contracts.csproj", "{FC9EAFB5-413F-4953-B18D-4547B62C478A}"
EndProject
Project("{9A19103F-16F7-4668-BE54-9A1E7A4F7556}") = "FileStorage.Domain", "MicroServices\FilesStorage\FileStorage.Domain\FileStorage.Domain.csproj", "{88C51738-ADAC-44E7-B407-A31E47342AA2}"
EndProject
Project("{9A19103F-16F7-4668-BE54-9A1E7A4F7556}") = "FileStorage.EntityFrameworkCore", "MicroServices\FilesStorage\FileStorage.EntityFrameworkCore\FileStorage.EntityFrameworkCore.csproj", "{57466D5A-73A1-4686-B974-5E6370E4EFE0}"
EndProject
Project("{9A19103F-16F7-4668-BE54-9A1E7A4F7556}") = "FileStorage.HttpApi", "MicroServices\FilesStorage\FileStorage.HttpApi\FileStorage.HttpApi.csproj", "{E75C5B8C-54C1-4193-9079-F842C1B3B116}"
EndProject
Project("{9A19103F-16F7-4668-BE54-9A1E7A4F7556}") = "FileStorage.HttpApi.Client", "MicroServices\FilesStorage\FileStorage.HttpApi.Client\FileStorage.HttpApi.Client.csproj", "{AC778408-78C9-452D-B26C-FD1CB5F7877D}"
EndProject
Project("{9A19103F-16F7-4668-BE54-9A1E7A4F7556}") = "FileStorage.Host", "MicroServices\FilesStorage\FileStorage.Host\FileStorage.Host.csproj", "{BFB5828F-2E64-40AE-827E-4BAF47A40250}"
EndProject
Project("{2150E333-8FDC-42A3-9474-1A3956D46DE8}") = "HangFireJob", "HangFireJob", "{51995C78-BC1C-464A-A0FA-2B63E2127F6F}"
EndProject
Project("{9A19103F-16F7-4668-BE54-9A1E7A4F7556}") = "HangFireJob.Application", "MicroServices\HangFireJob\src\HangFireJob.Application\HangFireJob.Application.csproj", "{59116ACF-8AFE-48DE-9ACD-D74D4AC416D2}"
EndProject
Project("{9A19103F-16F7-4668-BE54-9A1E7A4F7556}") = "HangFireJob.Application.Contracts", "MicroServices\HangFireJob\src\HangFireJob.Application.Contracts\HangFireJob.Application.Contracts.csproj", "{78E2825D-95C2-4D62-BC6D-243E229ECAD2}"
EndProject
Project("{9A19103F-16F7-4668-BE54-9A1E7A4F7556}") = "HangFireJob.Domain", "MicroServices\HangFireJob\src\HangFireJob.Domain\HangFireJob.Domain.csproj", "{C7611126-6AE7-48D9-9418-BC21DDCA1DE9}"
EndProject
Project("{9A19103F-16F7-4668-BE54-9A1E7A4F7556}") = "HangFireJob.Domain.Shared", "MicroServices\HangFireJob\src\HangFireJob.Domain.Shared\HangFireJob.Domain.Shared.csproj", "{A5EFD12D-88FC-4D97-93F3-1BC5B123FA15}"
EndProject
Project("{9A19103F-16F7-4668-BE54-9A1E7A4F7556}") = "HangFireJob.EntityFrameworkCore", "MicroServices\HangFireJob\src\HangFireJob.EntityFrameworkCore\HangFireJob.EntityFrameworkCore.csproj", "{D2258DAD-0819-43C7-9772-B54425A2311E}"
EndProject
Project("{9A19103F-16F7-4668-BE54-9A1E7A4F7556}") = "HangFireJob.HttpApi", "MicroServices\HangFireJob\src\HangFireJob.HttpApi\HangFireJob.HttpApi.csproj", "{B44746B6-0908-44EC-84D9-67E9D56292F1}"
EndProject
Project("{9A19103F-16F7-4668-BE54-9A1E7A4F7556}") = "HangFireJob.HttpApi.Client", "MicroServices\HangFireJob\src\HangFireJob.HttpApi.Client\HangFireJob.HttpApi.Client.csproj", "{B91A2DB3-0C68-4E4D-85FC-199D47A19D38}"
EndProject
Project("{2150E333-8FDC-42A3-9474-1A3956D46DE8}") = "Gateways", "Gateways", "{BB3FB7E0-D168-4DF7-B9A6-367DFF5C413E}"
EndProject
Project("{9A19103F-16F7-4668-BE54-9A1E7A4F7556}") = "WebAppGateway.Host", "Gateways\WebAppGateway\WebAppGateway.Host\WebAppGateway.Host.csproj", "{AD6154D5-8E01-4333-AD79-8918D5754855}"
EndProject
Project("{9A19103F-16F7-4668-BE54-9A1E7A4F7556}") = "InternalGateway.Host", "Gateways\InternalGateway\InternalGateway.Host\InternalGateway.Host.csproj", "{29BF5A81-E01A-4652-954D-C70F4A3EA287}"
EndProject
Project("{2150E333-8FDC-42A3-9474-1A3956D46DE8}") = "Shared", "Shared", "{D31C93BE-A53F-47B1-A55D-AF306C2AE8C6}"
EndProject
Project("{9A19103F-16F7-4668-BE54-9A1E7A4F7556}") = "HangFireJob.HttpApi.Host", "MicroServices\HangFireJob\host\HangFireJob.HttpApi.Host\HangFireJob.HttpApi.Host.csproj", "{51DBC623-68C6-40AD-8E9C-CE3E52A879D5}"
EndProject
Project("{9A19103F-16F7-4668-BE54-9A1E7A4F7556}") = "Com.ApolloConfig", "Shared\Comm.ApolloConfig\Com.ApolloConfig.csproj", "{0FA26A4F-61DD-4676-A6A7-F1111476D2E2}"
EndProject
Project("{9A19103F-16F7-4668-BE54-9A1E7A4F7556}") = "Comm.CAP.EtoShare", "Shared\Comm.CAP.EtoShare\Comm.CAP.EtoShare.csproj", "{BBB72078-B62D-40EE-9E68-57BE35C402F5}"
EndProject
Project("{9A19103F-16F7-4668-BE54-9A1E7A4F7556}") = "Com.ConsulConfig", "Shared\Comm.ConsulConfig\Com.ConsulConfig.csproj", "{767DBF10-96C9-4AEF-90A1-014FB1EE51B4}"
EndProject
Project("{9A19103F-16F7-4668-BE54-9A1E7A4F7556}") = "WMS.BaseService.HttpApi.Host", "WMS.BaseService\host\WMS.BaseService.HttpApi.Host\WMS.BaseService.HttpApi.Host.csproj", "{859B7258-93C1-4E80-ADF9-E533F0517A1C}"
EndProject
Project("{2150E333-8FDC-42A3-9474-1A3956D46DE8}") = "WMSBaseService", "WMSBaseService", "{3860A4F2-CD16-4472-AB55-312954156235}"
EndProject
Project("{9A19103F-16F7-4668-BE54-9A1E7A4F7556}") = "WMS.BaseService.Domain.Shared", "WMS.BaseService\src\WMS.BaseService.Domain.Shared\WMS.BaseService.Domain.Shared.csproj", "{134A88B5-F8B9-4C51-B8BE-40E20C2D9D65}"
EndProject
Project("{9A19103F-16F7-4668-BE54-9A1E7A4F7556}") = "WMS.BaseService.Domain", "WMS.BaseService\src\WMS.BaseService.Domain\WMS.BaseService.Domain.csproj", "{6F28B716-FE93-461B-A063-125BDC687788}"
EndProject
Project("{9A19103F-16F7-4668-BE54-9A1E7A4F7556}") = "WMS.BaseService.Application.Contracts", "WMS.BaseService\src\WMS.BaseService.Application.Contracts\WMS.BaseService.Application.Contracts.csproj", "{37BDEC9A-5DAF-464C-9115-89E9047E6EFA}"
EndProject
Project("{9A19103F-16F7-4668-BE54-9A1E7A4F7556}") = "WMS.BaseService.EntityFrameworkCore", "WMS.BaseService\src\WMS.BaseService.EntityFrameworkCore\WMS.BaseService.EntityFrameworkCore.csproj", "{C9CD895A-DF68-4396-93FC-96695B107AD4}"
EndProject
Project("{9A19103F-16F7-4668-BE54-9A1E7A4F7556}") = "WMS.BaseService.Application", "WMS.BaseService\src\WMS.BaseService.Application\WMS.BaseService.Application.csproj", "{DD2D1802-C8C7-44B9-8513-EB0E0201A1A6}"
EndProject
Project("{9A19103F-16F7-4668-BE54-9A1E7A4F7556}") = "WMS.BaseService.HttpApi", "WMS.BaseService\src\WMS.BaseService.HttpApi\WMS.BaseService.HttpApi.csproj", "{FFC55F05-F0B0-4816-9CB6-0FB17F46E691}"
EndProject
Project("{9A19103F-16F7-4668-BE54-9A1E7A4F7556}") = "WMS.BaseService.HttpApi.Client", "WMS.BaseService\src\WMS.BaseService.HttpApi.Client\WMS.BaseService.HttpApi.Client.csproj", "{8181AFE7-5431-46B8-89C8-A3F8D29BBC5E}"
EndProject
Project("{FAE04EC0-301F-11D3-BF4B-00C04F79EFBC}") = "Com.Filter.Shared", "Com.Filter.Shared\Com.Filter.Shared.csproj", "{30BE7BFE-A0EF-441F-B5C7-C02C2714D08E}"
EndProject
Global
	GlobalSection(SolutionConfigurationPlatforms) = preSolution
		Debug|Any CPU = Debug|Any CPU
		Release|Any CPU = Release|Any CPU
	EndGlobalSection
	GlobalSection(ProjectConfigurationPlatforms) = postSolution
		{7B87E00B-D9D7-4FDF-89D0-6B41FA501AF1}.Debug|Any CPU.ActiveCfg = Debug|Any CPU
		{7B87E00B-D9D7-4FDF-89D0-6B41FA501AF1}.Debug|Any CPU.Build.0 = Debug|Any CPU
		{7B87E00B-D9D7-4FDF-89D0-6B41FA501AF1}.Release|Any CPU.ActiveCfg = Release|Any CPU
		{7B87E00B-D9D7-4FDF-89D0-6B41FA501AF1}.Release|Any CPU.Build.0 = Release|Any CPU
		{2741D219-7E27-4CD1-AC3F-17CB3FCB09F0}.Debug|Any CPU.ActiveCfg = Debug|Any CPU
		{2741D219-7E27-4CD1-AC3F-17CB3FCB09F0}.Debug|Any CPU.Build.0 = Debug|Any CPU
		{2741D219-7E27-4CD1-AC3F-17CB3FCB09F0}.Release|Any CPU.ActiveCfg = Release|Any CPU
		{2741D219-7E27-4CD1-AC3F-17CB3FCB09F0}.Release|Any CPU.Build.0 = Release|Any CPU
		{B3532748-C262-4C23-8FBB-EEF03F5CBD1D}.Debug|Any CPU.ActiveCfg = Debug|Any CPU
		{B3532748-C262-4C23-8FBB-EEF03F5CBD1D}.Debug|Any CPU.Build.0 = Debug|Any CPU
		{B3532748-C262-4C23-8FBB-EEF03F5CBD1D}.Release|Any CPU.ActiveCfg = Release|Any CPU
		{B3532748-C262-4C23-8FBB-EEF03F5CBD1D}.Release|Any CPU.Build.0 = Release|Any CPU
		{4EC1E5A6-002C-469F-8EB3-7586B86C2EA3}.Debug|Any CPU.ActiveCfg = Debug|Any CPU
		{4EC1E5A6-002C-469F-8EB3-7586B86C2EA3}.Debug|Any CPU.Build.0 = Debug|Any CPU
		{4EC1E5A6-002C-469F-8EB3-7586B86C2EA3}.Release|Any CPU.ActiveCfg = Release|Any CPU
		{4EC1E5A6-002C-469F-8EB3-7586B86C2EA3}.Release|Any CPU.Build.0 = Release|Any CPU
		{E14AB62C-5486-4F6E-9A04-9738A8D3517D}.Debug|Any CPU.ActiveCfg = Debug|Any CPU
		{E14AB62C-5486-4F6E-9A04-9738A8D3517D}.Debug|Any CPU.Build.0 = Debug|Any CPU
		{E14AB62C-5486-4F6E-9A04-9738A8D3517D}.Release|Any CPU.ActiveCfg = Release|Any CPU
		{E14AB62C-5486-4F6E-9A04-9738A8D3517D}.Release|Any CPU.Build.0 = Release|Any CPU
		{F19DAFD2-715C-4FB7-9C9B-FEA7185D6316}.Debug|Any CPU.ActiveCfg = Debug|Any CPU
		{F19DAFD2-715C-4FB7-9C9B-FEA7185D6316}.Debug|Any CPU.Build.0 = Debug|Any CPU
		{F19DAFD2-715C-4FB7-9C9B-FEA7185D6316}.Release|Any CPU.ActiveCfg = Release|Any CPU
		{F19DAFD2-715C-4FB7-9C9B-FEA7185D6316}.Release|Any CPU.Build.0 = Release|Any CPU
		{70EE208F-0DE0-47FD-9F6E-9BB24E4B5624}.Debug|Any CPU.ActiveCfg = Debug|Any CPU
		{70EE208F-0DE0-47FD-9F6E-9BB24E4B5624}.Debug|Any CPU.Build.0 = Debug|Any CPU
		{70EE208F-0DE0-47FD-9F6E-9BB24E4B5624}.Release|Any CPU.ActiveCfg = Release|Any CPU
		{70EE208F-0DE0-47FD-9F6E-9BB24E4B5624}.Release|Any CPU.Build.0 = Release|Any CPU
		{24C6CBDA-5F3B-421B-9003-6C751FA76846}.Debug|Any CPU.ActiveCfg = Debug|Any CPU
		{24C6CBDA-5F3B-421B-9003-6C751FA76846}.Debug|Any CPU.Build.0 = Debug|Any CPU
		{24C6CBDA-5F3B-421B-9003-6C751FA76846}.Release|Any CPU.ActiveCfg = Release|Any CPU
		{24C6CBDA-5F3B-421B-9003-6C751FA76846}.Release|Any CPU.Build.0 = Release|Any CPU
		{70B63A83-EDBF-4EFE-8580-A2C14D548979}.Debug|Any CPU.ActiveCfg = Debug|Any CPU
		{70B63A83-EDBF-4EFE-8580-A2C14D548979}.Debug|Any CPU.Build.0 = Debug|Any CPU
		{70B63A83-EDBF-4EFE-8580-A2C14D548979}.Release|Any CPU.ActiveCfg = Release|Any CPU
		{70B63A83-EDBF-4EFE-8580-A2C14D548979}.Release|Any CPU.Build.0 = Release|Any CPU
		{FC9EAFB5-413F-4953-B18D-4547B62C478A}.Debug|Any CPU.ActiveCfg = Debug|Any CPU
		{FC9EAFB5-413F-4953-B18D-4547B62C478A}.Debug|Any CPU.Build.0 = Debug|Any CPU
		{FC9EAFB5-413F-4953-B18D-4547B62C478A}.Release|Any CPU.ActiveCfg = Release|Any CPU
		{FC9EAFB5-413F-4953-B18D-4547B62C478A}.Release|Any CPU.Build.0 = Release|Any CPU
		{88C51738-ADAC-44E7-B407-A31E47342AA2}.Debug|Any CPU.ActiveCfg = Debug|Any CPU
		{88C51738-ADAC-44E7-B407-A31E47342AA2}.Debug|Any CPU.Build.0 = Debug|Any CPU
		{88C51738-ADAC-44E7-B407-A31E47342AA2}.Release|Any CPU.ActiveCfg = Release|Any CPU
		{88C51738-ADAC-44E7-B407-A31E47342AA2}.Release|Any CPU.Build.0 = Release|Any CPU
		{57466D5A-73A1-4686-B974-5E6370E4EFE0}.Debug|Any CPU.ActiveCfg = Debug|Any CPU
		{57466D5A-73A1-4686-B974-5E6370E4EFE0}.Debug|Any CPU.Build.0 = Debug|Any CPU
		{57466D5A-73A1-4686-B974-5E6370E4EFE0}.Release|Any CPU.ActiveCfg = Release|Any CPU
		{57466D5A-73A1-4686-B974-5E6370E4EFE0}.Release|Any CPU.Build.0 = Release|Any CPU
		{E75C5B8C-54C1-4193-9079-F842C1B3B116}.Debug|Any CPU.ActiveCfg = Debug|Any CPU
		{E75C5B8C-54C1-4193-9079-F842C1B3B116}.Debug|Any CPU.Build.0 = Debug|Any CPU
		{E75C5B8C-54C1-4193-9079-F842C1B3B116}.Release|Any CPU.ActiveCfg = Release|Any CPU
		{E75C5B8C-54C1-4193-9079-F842C1B3B116}.Release|Any CPU.Build.0 = Release|Any CPU
		{AC778408-78C9-452D-B26C-FD1CB5F7877D}.Debug|Any CPU.ActiveCfg = Debug|Any CPU
		{AC778408-78C9-452D-B26C-FD1CB5F7877D}.Debug|Any CPU.Build.0 = Debug|Any CPU
		{AC778408-78C9-452D-B26C-FD1CB5F7877D}.Release|Any CPU.ActiveCfg = Release|Any CPU
		{AC778408-78C9-452D-B26C-FD1CB5F7877D}.Release|Any CPU.Build.0 = Release|Any CPU
		{BFB5828F-2E64-40AE-827E-4BAF47A40250}.Debug|Any CPU.ActiveCfg = Debug|Any CPU
		{BFB5828F-2E64-40AE-827E-4BAF47A40250}.Debug|Any CPU.Build.0 = Debug|Any CPU
		{BFB5828F-2E64-40AE-827E-4BAF47A40250}.Release|Any CPU.ActiveCfg = Release|Any CPU
		{BFB5828F-2E64-40AE-827E-4BAF47A40250}.Release|Any CPU.Build.0 = Release|Any CPU
		{59116ACF-8AFE-48DE-9ACD-D74D4AC416D2}.Debug|Any CPU.ActiveCfg = Debug|Any CPU
		{59116ACF-8AFE-48DE-9ACD-D74D4AC416D2}.Debug|Any CPU.Build.0 = Debug|Any CPU
		{59116ACF-8AFE-48DE-9ACD-D74D4AC416D2}.Release|Any CPU.ActiveCfg = Release|Any CPU
		{59116ACF-8AFE-48DE-9ACD-D74D4AC416D2}.Release|Any CPU.Build.0 = Release|Any CPU
		{78E2825D-95C2-4D62-BC6D-243E229ECAD2}.Debug|Any CPU.ActiveCfg = Debug|Any CPU
		{78E2825D-95C2-4D62-BC6D-243E229ECAD2}.Debug|Any CPU.Build.0 = Debug|Any CPU
		{78E2825D-95C2-4D62-BC6D-243E229ECAD2}.Release|Any CPU.ActiveCfg = Release|Any CPU
		{78E2825D-95C2-4D62-BC6D-243E229ECAD2}.Release|Any CPU.Build.0 = Release|Any CPU
		{C7611126-6AE7-48D9-9418-BC21DDCA1DE9}.Debug|Any CPU.ActiveCfg = Debug|Any CPU
		{C7611126-6AE7-48D9-9418-BC21DDCA1DE9}.Debug|Any CPU.Build.0 = Debug|Any CPU
		{C7611126-6AE7-48D9-9418-BC21DDCA1DE9}.Release|Any CPU.ActiveCfg = Release|Any CPU
		{C7611126-6AE7-48D9-9418-BC21DDCA1DE9}.Release|Any CPU.Build.0 = Release|Any CPU
		{A5EFD12D-88FC-4D97-93F3-1BC5B123FA15}.Debug|Any CPU.ActiveCfg = Debug|Any CPU
		{A5EFD12D-88FC-4D97-93F3-1BC5B123FA15}.Debug|Any CPU.Build.0 = Debug|Any CPU
		{A5EFD12D-88FC-4D97-93F3-1BC5B123FA15}.Release|Any CPU.ActiveCfg = Release|Any CPU
		{A5EFD12D-88FC-4D97-93F3-1BC5B123FA15}.Release|Any CPU.Build.0 = Release|Any CPU
		{D2258DAD-0819-43C7-9772-B54425A2311E}.Debug|Any CPU.ActiveCfg = Debug|Any CPU
		{D2258DAD-0819-43C7-9772-B54425A2311E}.Debug|Any CPU.Build.0 = Debug|Any CPU
		{D2258DAD-0819-43C7-9772-B54425A2311E}.Release|Any CPU.ActiveCfg = Release|Any CPU
		{D2258DAD-0819-43C7-9772-B54425A2311E}.Release|Any CPU.Build.0 = Release|Any CPU
		{B44746B6-0908-44EC-84D9-67E9D56292F1}.Debug|Any CPU.ActiveCfg = Debug|Any CPU
		{B44746B6-0908-44EC-84D9-67E9D56292F1}.Debug|Any CPU.Build.0 = Debug|Any CPU
		{B44746B6-0908-44EC-84D9-67E9D56292F1}.Release|Any CPU.ActiveCfg = Release|Any CPU
		{B44746B6-0908-44EC-84D9-67E9D56292F1}.Release|Any CPU.Build.0 = Release|Any CPU
		{B91A2DB3-0C68-4E4D-85FC-199D47A19D38}.Debug|Any CPU.ActiveCfg = Debug|Any CPU
		{B91A2DB3-0C68-4E4D-85FC-199D47A19D38}.Debug|Any CPU.Build.0 = Debug|Any CPU
		{B91A2DB3-0C68-4E4D-85FC-199D47A19D38}.Release|Any CPU.ActiveCfg = Release|Any CPU
		{B91A2DB3-0C68-4E4D-85FC-199D47A19D38}.Release|Any CPU.Build.0 = Release|Any CPU
		{AD6154D5-8E01-4333-AD79-8918D5754855}.Debug|Any CPU.ActiveCfg = Debug|Any CPU
		{AD6154D5-8E01-4333-AD79-8918D5754855}.Debug|Any CPU.Build.0 = Debug|Any CPU
		{AD6154D5-8E01-4333-AD79-8918D5754855}.Release|Any CPU.ActiveCfg = Release|Any CPU
		{AD6154D5-8E01-4333-AD79-8918D5754855}.Release|Any CPU.Build.0 = Release|Any CPU
		{29BF5A81-E01A-4652-954D-C70F4A3EA287}.Debug|Any CPU.ActiveCfg = Debug|Any CPU
		{29BF5A81-E01A-4652-954D-C70F4A3EA287}.Debug|Any CPU.Build.0 = Debug|Any CPU
		{29BF5A81-E01A-4652-954D-C70F4A3EA287}.Release|Any CPU.ActiveCfg = Release|Any CPU
		{29BF5A81-E01A-4652-954D-C70F4A3EA287}.Release|Any CPU.Build.0 = Release|Any CPU
		{51DBC623-68C6-40AD-8E9C-CE3E52A879D5}.Debug|Any CPU.ActiveCfg = Debug|Any CPU
		{51DBC623-68C6-40AD-8E9C-CE3E52A879D5}.Debug|Any CPU.Build.0 = Debug|Any CPU
		{51DBC623-68C6-40AD-8E9C-CE3E52A879D5}.Release|Any CPU.ActiveCfg = Release|Any CPU
		{51DBC623-68C6-40AD-8E9C-CE3E52A879D5}.Release|Any CPU.Build.0 = Release|Any CPU
		{0FA26A4F-61DD-4676-A6A7-F1111476D2E2}.Debug|Any CPU.ActiveCfg = Debug|Any CPU
		{0FA26A4F-61DD-4676-A6A7-F1111476D2E2}.Debug|Any CPU.Build.0 = Debug|Any CPU
		{0FA26A4F-61DD-4676-A6A7-F1111476D2E2}.Release|Any CPU.ActiveCfg = Release|Any CPU
		{0FA26A4F-61DD-4676-A6A7-F1111476D2E2}.Release|Any CPU.Build.0 = Release|Any CPU
		{BBB72078-B62D-40EE-9E68-57BE35C402F5}.Debug|Any CPU.ActiveCfg = Debug|Any CPU
		{BBB72078-B62D-40EE-9E68-57BE35C402F5}.Debug|Any CPU.Build.0 = Debug|Any CPU
		{BBB72078-B62D-40EE-9E68-57BE35C402F5}.Release|Any CPU.ActiveCfg = Release|Any CPU
		{BBB72078-B62D-40EE-9E68-57BE35C402F5}.Release|Any CPU.Build.0 = Release|Any CPU
		{767DBF10-96C9-4AEF-90A1-014FB1EE51B4}.Debug|Any CPU.ActiveCfg = Debug|Any CPU
		{767DBF10-96C9-4AEF-90A1-014FB1EE51B4}.Debug|Any CPU.Build.0 = Debug|Any CPU
		{767DBF10-96C9-4AEF-90A1-014FB1EE51B4}.Release|Any CPU.ActiveCfg = Release|Any CPU
		{767DBF10-96C9-4AEF-90A1-014FB1EE51B4}.Release|Any CPU.Build.0 = Release|Any CPU
		{859B7258-93C1-4E80-ADF9-E533F0517A1C}.Debug|Any CPU.ActiveCfg = Debug|Any CPU
		{859B7258-93C1-4E80-ADF9-E533F0517A1C}.Debug|Any CPU.Build.0 = Debug|Any CPU
		{859B7258-93C1-4E80-ADF9-E533F0517A1C}.Release|Any CPU.ActiveCfg = Release|Any CPU
		{859B7258-93C1-4E80-ADF9-E533F0517A1C}.Release|Any CPU.Build.0 = Release|Any CPU
		{134A88B5-F8B9-4C51-B8BE-40E20C2D9D65}.Debug|Any CPU.ActiveCfg = Debug|Any CPU
		{134A88B5-F8B9-4C51-B8BE-40E20C2D9D65}.Debug|Any CPU.Build.0 = Debug|Any CPU
		{134A88B5-F8B9-4C51-B8BE-40E20C2D9D65}.Release|Any CPU.ActiveCfg = Release|Any CPU
		{134A88B5-F8B9-4C51-B8BE-40E20C2D9D65}.Release|Any CPU.Build.0 = Release|Any CPU
		{6F28B716-FE93-461B-A063-125BDC687788}.Debug|Any CPU.ActiveCfg = Debug|Any CPU
		{6F28B716-FE93-461B-A063-125BDC687788}.Debug|Any CPU.Build.0 = Debug|Any CPU
		{6F28B716-FE93-461B-A063-125BDC687788}.Release|Any CPU.ActiveCfg = Release|Any CPU
		{6F28B716-FE93-461B-A063-125BDC687788}.Release|Any CPU.Build.0 = Release|Any CPU
		{37BDEC9A-5DAF-464C-9115-89E9047E6EFA}.Debug|Any CPU.ActiveCfg = Debug|Any CPU
		{37BDEC9A-5DAF-464C-9115-89E9047E6EFA}.Debug|Any CPU.Build.0 = Debug|Any CPU
		{37BDEC9A-5DAF-464C-9115-89E9047E6EFA}.Release|Any CPU.ActiveCfg = Release|Any CPU
		{37BDEC9A-5DAF-464C-9115-89E9047E6EFA}.Release|Any CPU.Build.0 = Release|Any CPU
		{C9CD895A-DF68-4396-93FC-96695B107AD4}.Debug|Any CPU.ActiveCfg = Debug|Any CPU
		{C9CD895A-DF68-4396-93FC-96695B107AD4}.Debug|Any CPU.Build.0 = Debug|Any CPU
		{C9CD895A-DF68-4396-93FC-96695B107AD4}.Release|Any CPU.ActiveCfg = Release|Any CPU
		{C9CD895A-DF68-4396-93FC-96695B107AD4}.Release|Any CPU.Build.0 = Release|Any CPU
		{DD2D1802-C8C7-44B9-8513-EB0E0201A1A6}.Debug|Any CPU.ActiveCfg = Debug|Any CPU
		{DD2D1802-C8C7-44B9-8513-EB0E0201A1A6}.Debug|Any CPU.Build.0 = Debug|Any CPU
		{DD2D1802-C8C7-44B9-8513-EB0E0201A1A6}.Release|Any CPU.ActiveCfg = Release|Any CPU
		{DD2D1802-C8C7-44B9-8513-EB0E0201A1A6}.Release|Any CPU.Build.0 = Release|Any CPU
		{FFC55F05-F0B0-4816-9CB6-0FB17F46E691}.Debug|Any CPU.ActiveCfg = Debug|Any CPU
		{FFC55F05-F0B0-4816-9CB6-0FB17F46E691}.Debug|Any CPU.Build.0 = Debug|Any CPU
		{FFC55F05-F0B0-4816-9CB6-0FB17F46E691}.Release|Any CPU.ActiveCfg = Release|Any CPU
		{FFC55F05-F0B0-4816-9CB6-0FB17F46E691}.Release|Any CPU.Build.0 = Release|Any CPU
		{8181AFE7-5431-46B8-89C8-A3F8D29BBC5E}.Debug|Any CPU.ActiveCfg = Debug|Any CPU
		{8181AFE7-5431-46B8-89C8-A3F8D29BBC5E}.Debug|Any CPU.Build.0 = Debug|Any CPU
		{8181AFE7-5431-46B8-89C8-A3F8D29BBC5E}.Release|Any CPU.ActiveCfg = Release|Any CPU
		{8181AFE7-5431-46B8-89C8-A3F8D29BBC5E}.Release|Any CPU.Build.0 = Release|Any CPU
		{30BE7BFE-A0EF-441F-B5C7-C02C2714D08E}.Debug|Any CPU.ActiveCfg = Debug|Any CPU
		{30BE7BFE-A0EF-441F-B5C7-C02C2714D08E}.Debug|Any CPU.Build.0 = Debug|Any CPU
		{30BE7BFE-A0EF-441F-B5C7-C02C2714D08E}.Release|Any CPU.ActiveCfg = Release|Any CPU
		{30BE7BFE-A0EF-441F-B5C7-C02C2714D08E}.Release|Any CPU.Build.0 = Release|Any CPU
	EndGlobalSection
	GlobalSection(SolutionProperties) = preSolution
		HideSolutionNode = FALSE
	EndGlobalSection
	GlobalSection(NestedProjects) = preSolution
		{7B87E00B-D9D7-4FDF-89D0-6B41FA501AF1} = {D2E20E4B-01BD-4D43-91AB-69ACA208BB7B}
		{2741D219-7E27-4CD1-AC3F-17CB3FCB09F0} = {D2E20E4B-01BD-4D43-91AB-69ACA208BB7B}
		{19A25DD5-131F-475F-9DCE-C96F888F9DFC} = {E6368306-54A1-434F-8838-43D9D6E46EDE}
		{B3532748-C262-4C23-8FBB-EEF03F5CBD1D} = {19A25DD5-131F-475F-9DCE-C96F888F9DFC}
		{4EC1E5A6-002C-469F-8EB3-7586B86C2EA3} = {19A25DD5-131F-475F-9DCE-C96F888F9DFC}
		{E14AB62C-5486-4F6E-9A04-9738A8D3517D} = {19A25DD5-131F-475F-9DCE-C96F888F9DFC}
		{F19DAFD2-715C-4FB7-9C9B-FEA7185D6316} = {19A25DD5-131F-475F-9DCE-C96F888F9DFC}
		{70EE208F-0DE0-47FD-9F6E-9BB24E4B5624} = {19A25DD5-131F-475F-9DCE-C96F888F9DFC}
		{24C6CBDA-5F3B-421B-9003-6C751FA76846} = {19A25DD5-131F-475F-9DCE-C96F888F9DFC}
		{5859F271-0331-461C-9A54-B2AF9BAEDBD1} = {E6368306-54A1-434F-8838-43D9D6E46EDE}
		{70B63A83-EDBF-4EFE-8580-A2C14D548979} = {5859F271-0331-461C-9A54-B2AF9BAEDBD1}
		{FC9EAFB5-413F-4953-B18D-4547B62C478A} = {5859F271-0331-461C-9A54-B2AF9BAEDBD1}
		{88C51738-ADAC-44E7-B407-A31E47342AA2} = {5859F271-0331-461C-9A54-B2AF9BAEDBD1}
		{57466D5A-73A1-4686-B974-5E6370E4EFE0} = {5859F271-0331-461C-9A54-B2AF9BAEDBD1}
		{E75C5B8C-54C1-4193-9079-F842C1B3B116} = {5859F271-0331-461C-9A54-B2AF9BAEDBD1}
		{AC778408-78C9-452D-B26C-FD1CB5F7877D} = {5859F271-0331-461C-9A54-B2AF9BAEDBD1}
		{BFB5828F-2E64-40AE-827E-4BAF47A40250} = {915427C3-75A6-4968-8D81-A9B365476B61}
		{51995C78-BC1C-464A-A0FA-2B63E2127F6F} = {E6368306-54A1-434F-8838-43D9D6E46EDE}
		{59116ACF-8AFE-48DE-9ACD-D74D4AC416D2} = {51995C78-BC1C-464A-A0FA-2B63E2127F6F}
		{78E2825D-95C2-4D62-BC6D-243E229ECAD2} = {51995C78-BC1C-464A-A0FA-2B63E2127F6F}
		{C7611126-6AE7-48D9-9418-BC21DDCA1DE9} = {51995C78-BC1C-464A-A0FA-2B63E2127F6F}
		{A5EFD12D-88FC-4D97-93F3-1BC5B123FA15} = {51995C78-BC1C-464A-A0FA-2B63E2127F6F}
		{D2258DAD-0819-43C7-9772-B54425A2311E} = {51995C78-BC1C-464A-A0FA-2B63E2127F6F}
		{B44746B6-0908-44EC-84D9-67E9D56292F1} = {51995C78-BC1C-464A-A0FA-2B63E2127F6F}
		{B91A2DB3-0C68-4E4D-85FC-199D47A19D38} = {51995C78-BC1C-464A-A0FA-2B63E2127F6F}
		{AD6154D5-8E01-4333-AD79-8918D5754855} = {BB3FB7E0-D168-4DF7-B9A6-367DFF5C413E}
		{29BF5A81-E01A-4652-954D-C70F4A3EA287} = {BB3FB7E0-D168-4DF7-B9A6-367DFF5C413E}
		{51DBC623-68C6-40AD-8E9C-CE3E52A879D5} = {915427C3-75A6-4968-8D81-A9B365476B61}
		{0FA26A4F-61DD-4676-A6A7-F1111476D2E2} = {D31C93BE-A53F-47B1-A55D-AF306C2AE8C6}
		{BBB72078-B62D-40EE-9E68-57BE35C402F5} = {D31C93BE-A53F-47B1-A55D-AF306C2AE8C6}
		{767DBF10-96C9-4AEF-90A1-014FB1EE51B4} = {D31C93BE-A53F-47B1-A55D-AF306C2AE8C6}
		{859B7258-93C1-4E80-ADF9-E533F0517A1C} = {915427C3-75A6-4968-8D81-A9B365476B61}
		{3860A4F2-CD16-4472-AB55-312954156235} = {E6368306-54A1-434F-8838-43D9D6E46EDE}
		{134A88B5-F8B9-4C51-B8BE-40E20C2D9D65} = {3860A4F2-CD16-4472-AB55-312954156235}
		{6F28B716-FE93-461B-A063-125BDC687788} = {3860A4F2-CD16-4472-AB55-312954156235}
		{37BDEC9A-5DAF-464C-9115-89E9047E6EFA} = {3860A4F2-CD16-4472-AB55-312954156235}
		{C9CD895A-DF68-4396-93FC-96695B107AD4} = {3860A4F2-CD16-4472-AB55-312954156235}
		{DD2D1802-C8C7-44B9-8513-EB0E0201A1A6} = {3860A4F2-CD16-4472-AB55-312954156235}
		{FFC55F05-F0B0-4816-9CB6-0FB17F46E691} = {3860A4F2-CD16-4472-AB55-312954156235}
		{8181AFE7-5431-46B8-89C8-A3F8D29BBC5E} = {3860A4F2-CD16-4472-AB55-312954156235}
		{30BE7BFE-A0EF-441F-B5C7-C02C2714D08E} = {D31C93BE-A53F-47B1-A55D-AF306C2AE8C6}
	EndGlobalSection
	GlobalSection(ExtensibilityGlobals) = postSolution
		SolutionGuid = {6D58F7BC-4052-4F0D-8BCC-FD960C3CCF1F}
	EndGlobalSection
EndGlobal
